
Microsoft Visual Studio Solution File, Format Version 11.00
# Visual Studio 2010
Project("{FAE04EC0-301F-11D3-BF4B-00C04F79EFBC}") = "ShowMap", "Client\SmartWalk.Client.iOS\ShowMap.csproj", "{A6329FF3-0D60-4F09-9CD8-E05E37E252D3}"
EndProject
Project("{2150E333-8FDC-42A3-9474-1A3956D46DE8}") = "Core", "Core", "{9EA7B2F4-E7A2-4C0B-B13A-DF0AA9C69FBD}"
EndProject
Project("{FAE04EC0-301F-11D3-BF4B-00C04F79EFBC}") = "SmartWalk.Shared", "Shared\SmartWalk.Shared\SmartWalk.Shared.csproj", "{CFEA2CF4-C0C6-47A4-9549-2ACD230ABD01}"
EndProject
Project("{FAE04EC0-301F-11D3-BF4B-00C04F79EFBC}") = "SmartWalk.Client.Core", "Client\SmartWalk.Client.Core\SmartWalk.Client.Core.csproj", "{A9012546-5146-407B-BDDB-B6A4FCABCB4A}"
EndProject
Project("{FAE04EC0-301F-11D3-BF4B-00C04F79EFBC}") = "SmartWalk.Client.UnitTests", "Client\SmartWalk.Client.UnitTests\SmartWalk.Client.UnitTests.csproj", "{166BCD48-A4EF-4A1B-AD57-E2156512AE8E}"
EndProject
Global
	GlobalSection(SolutionConfigurationPlatforms) = preSolution
		Debug|iPhoneSimulator = Debug|iPhoneSimulator
		Release|iPhoneSimulator = Release|iPhoneSimulator
		Debug|iPhone = Debug|iPhone
		Release|iPhone = Release|iPhone
		Ad-Hoc|iPhone = Ad-Hoc|iPhone
		AppStore|iPhone = AppStore|iPhone
	EndGlobalSection
	GlobalSection(ProjectConfigurationPlatforms) = postSolution
		{166BCD48-A4EF-4A1B-AD57-E2156512AE8E}.Ad-Hoc|iPhone.ActiveCfg = Release|Any CPU
		{166BCD48-A4EF-4A1B-AD57-E2156512AE8E}.Ad-Hoc|iPhone.Build.0 = Release|Any CPU
		{166BCD48-A4EF-4A1B-AD57-E2156512AE8E}.AppStore|iPhone.ActiveCfg = Release|Any CPU
		{166BCD48-A4EF-4A1B-AD57-E2156512AE8E}.AppStore|iPhone.Build.0 = Release|Any CPU
		{166BCD48-A4EF-4A1B-AD57-E2156512AE8E}.Debug|iPhone.ActiveCfg = Debug|Any CPU
		{166BCD48-A4EF-4A1B-AD57-E2156512AE8E}.Debug|iPhone.Build.0 = Debug|Any CPU
		{166BCD48-A4EF-4A1B-AD57-E2156512AE8E}.Debug|iPhoneSimulator.ActiveCfg = Debug|Any CPU
		{166BCD48-A4EF-4A1B-AD57-E2156512AE8E}.Debug|iPhoneSimulator.Build.0 = Debug|Any CPU
		{166BCD48-A4EF-4A1B-AD57-E2156512AE8E}.Release|iPhone.ActiveCfg = Release|Any CPU
		{166BCD48-A4EF-4A1B-AD57-E2156512AE8E}.Release|iPhone.Build.0 = Release|Any CPU
		{166BCD48-A4EF-4A1B-AD57-E2156512AE8E}.Release|iPhoneSimulator.ActiveCfg = Release|Any CPU
		{166BCD48-A4EF-4A1B-AD57-E2156512AE8E}.Release|iPhoneSimulator.Build.0 = Release|Any CPU
		{A6329FF3-0D60-4F09-9CD8-E05E37E252D3}.Ad-Hoc|iPhone.ActiveCfg = Ad-Hoc|iPhone
		{A6329FF3-0D60-4F09-9CD8-E05E37E252D3}.Ad-Hoc|iPhone.Build.0 = Ad-Hoc|iPhone
		{A6329FF3-0D60-4F09-9CD8-E05E37E252D3}.AppStore|iPhone.ActiveCfg = AppStore|iPhone
		{A6329FF3-0D60-4F09-9CD8-E05E37E252D3}.AppStore|iPhone.Build.0 = AppStore|iPhone
		{A6329FF3-0D60-4F09-9CD8-E05E37E252D3}.Debug|iPhone.ActiveCfg = Debug|iPhone
		{A6329FF3-0D60-4F09-9CD8-E05E37E252D3}.Debug|iPhone.Build.0 = Debug|iPhone
		{A6329FF3-0D60-4F09-9CD8-E05E37E252D3}.Debug|iPhoneSimulator.ActiveCfg = Debug|iPhoneSimulator
		{A6329FF3-0D60-4F09-9CD8-E05E37E252D3}.Debug|iPhoneSimulator.Build.0 = Debug|iPhoneSimulator
		{A6329FF3-0D60-4F09-9CD8-E05E37E252D3}.Release|iPhone.ActiveCfg = Release|iPhone
		{A6329FF3-0D60-4F09-9CD8-E05E37E252D3}.Release|iPhone.Build.0 = Release|iPhone
		{A6329FF3-0D60-4F09-9CD8-E05E37E252D3}.Release|iPhoneSimulator.ActiveCfg = Release|iPhoneSimulator
		{A6329FF3-0D60-4F09-9CD8-E05E37E252D3}.Release|iPhoneSimulator.Build.0 = Release|iPhoneSimulator
		{A9012546-5146-407B-BDDB-B6A4FCABCB4A}.Ad-Hoc|iPhone.ActiveCfg = Release|Any CPU
		{A9012546-5146-407B-BDDB-B6A4FCABCB4A}.Ad-Hoc|iPhone.Build.0 = Release|Any CPU
		{A9012546-5146-407B-BDDB-B6A4FCABCB4A}.AppStore|iPhone.ActiveCfg = Release|Any CPU
		{A9012546-5146-407B-BDDB-B6A4FCABCB4A}.AppStore|iPhone.Build.0 = Release|Any CPU
		{A9012546-5146-407B-BDDB-B6A4FCABCB4A}.Debug|iPhone.ActiveCfg = Debug|Any CPU
		{A9012546-5146-407B-BDDB-B6A4FCABCB4A}.Debug|iPhone.Build.0 = Debug|Any CPU
		{A9012546-5146-407B-BDDB-B6A4FCABCB4A}.Debug|iPhoneSimulator.ActiveCfg = Debug|Any CPU
		{A9012546-5146-407B-BDDB-B6A4FCABCB4A}.Debug|iPhoneSimulator.Build.0 = Debug|Any CPU
		{A9012546-5146-407B-BDDB-B6A4FCABCB4A}.Release|iPhone.ActiveCfg = Release|Any CPU
		{A9012546-5146-407B-BDDB-B6A4FCABCB4A}.Release|iPhone.Build.0 = Release|Any CPU
		{A9012546-5146-407B-BDDB-B6A4FCABCB4A}.Release|iPhoneSimulator.ActiveCfg = Release|Any CPU
		{A9012546-5146-407B-BDDB-B6A4FCABCB4A}.Release|iPhoneSimulator.Build.0 = Release|Any CPU
		{CFEA2CF4-C0C6-47A4-9549-2ACD230ABD01}.Ad-Hoc|iPhone.ActiveCfg = Release|Any CPU
		{CFEA2CF4-C0C6-47A4-9549-2ACD230ABD01}.Ad-Hoc|iPhone.Build.0 = Release|Any CPU
		{CFEA2CF4-C0C6-47A4-9549-2ACD230ABD01}.AppStore|iPhone.ActiveCfg = Release|Any CPU
		{CFEA2CF4-C0C6-47A4-9549-2ACD230ABD01}.AppStore|iPhone.Build.0 = Release|Any CPU
		{CFEA2CF4-C0C6-47A4-9549-2ACD230ABD01}.Debug|iPhone.ActiveCfg = Debug|Any CPU
		{CFEA2CF4-C0C6-47A4-9549-2ACD230ABD01}.Debug|iPhone.Build.0 = Debug|Any CPU
		{CFEA2CF4-C0C6-47A4-9549-2ACD230ABD01}.Debug|iPhoneSimulator.ActiveCfg = Debug|Any CPU
		{CFEA2CF4-C0C6-47A4-9549-2ACD230ABD01}.Debug|iPhoneSimulator.Build.0 = Debug|Any CPU
		{CFEA2CF4-C0C6-47A4-9549-2ACD230ABD01}.Release|iPhone.ActiveCfg = Release|Any CPU
		{CFEA2CF4-C0C6-47A4-9549-2ACD230ABD01}.Release|iPhone.Build.0 = Release|Any CPU
		{CFEA2CF4-C0C6-47A4-9549-2ACD230ABD01}.Release|iPhoneSimulator.ActiveCfg = Release|Any CPU
		{CFEA2CF4-C0C6-47A4-9549-2ACD230ABD01}.Release|iPhoneSimulator.Build.0 = Release|Any CPU
	EndGlobalSection
	GlobalSection(NestedProjects) = preSolution
		{CFEA2CF4-C0C6-47A4-9549-2ACD230ABD01} = {9EA7B2F4-E7A2-4C0B-B13A-DF0AA9C69FBD}
		{A9012546-5146-407B-BDDB-B6A4FCABCB4A} = {9EA7B2F4-E7A2-4C0B-B13A-DF0AA9C69FBD}
		{166BCD48-A4EF-4A1B-AD57-E2156512AE8E} = {9EA7B2F4-E7A2-4C0B-B13A-DF0AA9C69FBD}
	EndGlobalSection
	GlobalSection(MonoDevelopProperties) = preSolution
		StartupItem = Client\SmartWalk.Client.iOS\ShowMap.csproj
		Policies = $0
		$0.DotNetNamingPolicy = $1
		$1.DirectoryNamespaceAssociation = PrefixedHierarchical
		$1.ResourceNamePolicy = FileFormatDefault
		$0.TextStylePolicy = $2
		$2.FileWidth = 120
		$2.NoTabsAfterNonTabs = True
		$2.inheritsSet = VisualStudio
		$2.inheritsScope = text/plain
		$2.scope = text/plain
		version = 
	EndGlobalSection
EndGlobal
