
Microsoft Visual Studio Solution File, Format Version 11.00
# Visual Studio 2010
Project("{FAE04EC0-301F-11D3-BF4B-00C04F79EFBC}") = "SmartWalk.iOS", "SmartWalk.iOS\SmartWalk.iOS.csproj", "{A6329FF3-0D60-4F09-9CD8-E05E37E252D3}"
EndProject
Project("{FAE04EC0-301F-11D3-BF4B-00C04F79EFBC}") = "SmartWalk.Core", "SmartWalk.Core\SmartWalk.Core.csproj", "{1448D2DF-0AFF-41B7-8D58-E263DED639A2}"
EndProject
Project("{FAE04EC0-301F-11D3-BF4B-00C04F79EFBC}") = "TestLib", "TestLib\TestLib.csproj", "{A9012546-5146-407B-BDDB-B6A4FCABCB4A}"
EndProject
Project("{FAE04EC0-301F-11D3-BF4B-00C04F79EFBC}") = "TestPortableLib", "TestPortableLib\TestPortableLib.csproj", "{785F01B1-75D5-4F54-9136-4CA9C99C96CA}"
EndProject
Global
	GlobalSection(SolutionConfigurationPlatforms) = preSolution
		Debug|iPhoneSimulator = Debug|iPhoneSimulator
		Release|iPhoneSimulator = Release|iPhoneSimulator
		Debug|iPhone = Debug|iPhone
		Release|iPhone = Release|iPhone
		Ad-Hoc|iPhone = Ad-Hoc|iPhone
		AppStore|iPhone = AppStore|iPhone
	EndGlobalSection
	GlobalSection(ProjectConfigurationPlatforms) = postSolution
		{1448D2DF-0AFF-41B7-8D58-E263DED639A2}.Ad-Hoc|iPhone.ActiveCfg = Release|Any CPU
		{1448D2DF-0AFF-41B7-8D58-E263DED639A2}.Ad-Hoc|iPhone.Build.0 = Release|Any CPU
		{1448D2DF-0AFF-41B7-8D58-E263DED639A2}.AppStore|iPhone.ActiveCfg = Release|Any CPU
		{1448D2DF-0AFF-41B7-8D58-E263DED639A2}.AppStore|iPhone.Build.0 = Release|Any CPU
		{1448D2DF-0AFF-41B7-8D58-E263DED639A2}.Debug|iPhone.ActiveCfg = Debug|Any CPU
		{1448D2DF-0AFF-41B7-8D58-E263DED639A2}.Debug|iPhone.Build.0 = Debug|Any CPU
		{1448D2DF-0AFF-41B7-8D58-E263DED639A2}.Debug|iPhoneSimulator.ActiveCfg = Debug|Any CPU
		{1448D2DF-0AFF-41B7-8D58-E263DED639A2}.Debug|iPhoneSimulator.Build.0 = Debug|Any CPU
		{1448D2DF-0AFF-41B7-8D58-E263DED639A2}.Release|iPhone.ActiveCfg = Release|Any CPU
		{1448D2DF-0AFF-41B7-8D58-E263DED639A2}.Release|iPhone.Build.0 = Release|Any CPU
		{1448D2DF-0AFF-41B7-8D58-E263DED639A2}.Release|iPhoneSimulator.ActiveCfg = Release|Any CPU
		{1448D2DF-0AFF-41B7-8D58-E263DED639A2}.Release|iPhoneSimulator.Build.0 = Release|Any CPU
		{785F01B1-75D5-4F54-9136-4CA9C99C96CA}.Ad-Hoc|iPhone.ActiveCfg = Debug|Any CPU
		{785F01B1-75D5-4F54-9136-4CA9C99C96CA}.Ad-Hoc|iPhone.Build.0 = Debug|Any CPU
		{785F01B1-75D5-4F54-9136-4CA9C99C96CA}.AppStore|iPhone.ActiveCfg = Debug|Any CPU
		{785F01B1-75D5-4F54-9136-4CA9C99C96CA}.AppStore|iPhone.Build.0 = Debug|Any CPU
		{785F01B1-75D5-4F54-9136-4CA9C99C96CA}.Debug|iPhone.ActiveCfg = Debug|Any CPU
		{785F01B1-75D5-4F54-9136-4CA9C99C96CA}.Debug|iPhone.Build.0 = Debug|Any CPU
		{785F01B1-75D5-4F54-9136-4CA9C99C96CA}.Debug|iPhoneSimulator.ActiveCfg = Debug|Any CPU
		{785F01B1-75D5-4F54-9136-4CA9C99C96CA}.Debug|iPhoneSimulator.Build.0 = Debug|Any CPU
		{785F01B1-75D5-4F54-9136-4CA9C99C96CA}.Release|iPhone.ActiveCfg = Release|Any CPU
		{785F01B1-75D5-4F54-9136-4CA9C99C96CA}.Release|iPhone.Build.0 = Release|Any CPU
		{785F01B1-75D5-4F54-9136-4CA9C99C96CA}.Release|iPhoneSimulator.ActiveCfg = Release|Any CPU
		{785F01B1-75D5-4F54-9136-4CA9C99C96CA}.Release|iPhoneSimulator.Build.0 = Release|Any CPU
		{A6329FF3-0D60-4F09-9CD8-E05E37E252D3}.Ad-Hoc|iPhone.ActiveCfg = Ad-Hoc|iPhone
		{A6329FF3-0D60-4F09-9CD8-E05E37E252D3}.Ad-Hoc|iPhone.Build.0 = Ad-Hoc|iPhone
		{A6329FF3-0D60-4F09-9CD8-E05E37E252D3}.AppStore|iPhone.ActiveCfg = AppStore|iPhone
		{A6329FF3-0D60-4F09-9CD8-E05E37E252D3}.AppStore|iPhone.Build.0 = AppStore|iPhone
		{A6329FF3-0D60-4F09-9CD8-E05E37E252D3}.Debug|iPhone.ActiveCfg = Debug|iPhone
		{A6329FF3-0D60-4F09-9CD8-E05E37E252D3}.Debug|iPhone.Build.0 = Debug|iPhone
		{A6329FF3-0D60-4F09-9CD8-E05E37E252D3}.Debug|iPhoneSimulator.ActiveCfg = Debug|iPhoneSimulator
		{A6329FF3-0D60-4F09-9CD8-E05E37E252D3}.Debug|iPhoneSimulator.Build.0 = Debug|iPhoneSimulator
		{A6329FF3-0D60-4F09-9CD8-E05E37E252D3}.Release|iPhone.ActiveCfg = Release|iPhone
		{A6329FF3-0D60-4F09-9CD8-E05E37E252D3}.Release|iPhone.Build.0 = Release|iPhone
		{A6329FF3-0D60-4F09-9CD8-E05E37E252D3}.Release|iPhoneSimulator.ActiveCfg = Release|iPhoneSimulator
		{A6329FF3-0D60-4F09-9CD8-E05E37E252D3}.Release|iPhoneSimulator.Build.0 = Release|iPhoneSimulator
		{A9012546-5146-407B-BDDB-B6A4FCABCB4A}.Ad-Hoc|iPhone.ActiveCfg = Release|Any CPU
		{A9012546-5146-407B-BDDB-B6A4FCABCB4A}.Ad-Hoc|iPhone.Build.0 = Release|Any CPU
		{A9012546-5146-407B-BDDB-B6A4FCABCB4A}.AppStore|iPhone.ActiveCfg = Release|Any CPU
		{A9012546-5146-407B-BDDB-B6A4FCABCB4A}.AppStore|iPhone.Build.0 = Release|Any CPU
		{A9012546-5146-407B-BDDB-B6A4FCABCB4A}.Debug|iPhone.ActiveCfg = Debug|Any CPU
		{A9012546-5146-407B-BDDB-B6A4FCABCB4A}.Debug|iPhone.Build.0 = Debug|Any CPU
		{A9012546-5146-407B-BDDB-B6A4FCABCB4A}.Debug|iPhoneSimulator.ActiveCfg = Debug|Any CPU
		{A9012546-5146-407B-BDDB-B6A4FCABCB4A}.Debug|iPhoneSimulator.Build.0 = Debug|Any CPU
		{A9012546-5146-407B-BDDB-B6A4FCABCB4A}.Release|iPhone.ActiveCfg = Release|Any CPU
		{A9012546-5146-407B-BDDB-B6A4FCABCB4A}.Release|iPhone.Build.0 = Release|Any CPU
		{A9012546-5146-407B-BDDB-B6A4FCABCB4A}.Release|iPhoneSimulator.ActiveCfg = Release|Any CPU
		{A9012546-5146-407B-BDDB-B6A4FCABCB4A}.Release|iPhoneSimulator.Build.0 = Release|Any CPU
	EndGlobalSection
	GlobalSection(MonoDevelopProperties) = preSolution
		StartupItem = SmartWalk.iOS\SmartWalk.iOS.csproj
		Policies = $0
		$0.DotNetNamingPolicy = $1
		$1.DirectoryNamespaceAssociation = PrefixedHierarchical
		$1.ResourceNamePolicy = FileFormatDefault
	EndGlobalSection
EndGlobal
