
Microsoft Visual Studio Solution File, Format Version 11.00
# Visual Studio 2010
Project("{FAE04EC0-301F-11D3-BF4B-00C04F79EFBC}") = "SmartWalkiOS", "SmartWalkiOS\SmartWalkiOS.csproj", "{A6329FF3-0D60-4F09-9CD8-E05E37E252D3}"
EndProject
Global
	GlobalSection(SolutionConfigurationPlatforms) = preSolution
		Debug|iPhoneSimulator = Debug|iPhoneSimulator
		Release|iPhoneSimulator = Release|iPhoneSimulator
		Debug|iPhone = Debug|iPhone
		Release|iPhone = Release|iPhone
		Ad-Hoc|iPhone = Ad-Hoc|iPhone
		AppStore|iPhone = AppStore|iPhone
	EndGlobalSection
	GlobalSection(ProjectConfigurationPlatforms) = postSolution
		{A6329FF3-0D60-4F09-9CD8-E05E37E252D3}.Ad-Hoc|iPhone.ActiveCfg = Ad-Hoc|iPhone
		{A6329FF3-0D60-4F09-9CD8-E05E37E252D3}.Ad-Hoc|iPhone.Build.0 = Ad-Hoc|iPhone
		{A6329FF3-0D60-4F09-9CD8-E05E37E252D3}.AppStore|iPhone.ActiveCfg = AppStore|iPhone
		{A6329FF3-0D60-4F09-9CD8-E05E37E252D3}.AppStore|iPhone.Build.0 = AppStore|iPhone
		{A6329FF3-0D60-4F09-9CD8-E05E37E252D3}.Debug|iPhone.ActiveCfg = Debug|iPhone
		{A6329FF3-0D60-4F09-9CD8-E05E37E252D3}.Debug|iPhone.Build.0 = Debug|iPhone
		{A6329FF3-0D60-4F09-9CD8-E05E37E252D3}.Debug|iPhoneSimulator.ActiveCfg = Debug|iPhoneSimulator
		{A6329FF3-0D60-4F09-9CD8-E05E37E252D3}.Debug|iPhoneSimulator.Build.0 = Debug|iPhoneSimulator
		{A6329FF3-0D60-4F09-9CD8-E05E37E252D3}.Release|iPhone.ActiveCfg = Release|iPhone
		{A6329FF3-0D60-4F09-9CD8-E05E37E252D3}.Release|iPhone.Build.0 = Release|iPhone
		{A6329FF3-0D60-4F09-9CD8-E05E37E252D3}.Release|iPhoneSimulator.ActiveCfg = Release|iPhoneSimulator
		{A6329FF3-0D60-4F09-9CD8-E05E37E252D3}.Release|iPhoneSimulator.Build.0 = Release|iPhoneSimulator
	EndGlobalSection
	GlobalSection(MonoDevelopProperties) = preSolution
		StartupItem = SmartWalkiOS\SmartWalkiOS.csproj
	EndGlobalSection
EndGlobal
